
Microsoft Visual Studio Solution File, Format Version 12.00
# Visual Studio Version 16
VisualStudioVersion = 16.0.28527.54
MinimumVisualStudioVersion = 10.0.40219.1
Project("{FAE04EC0-301F-11D3-BF4B-00C04F79EFBC}") = "Dos2.ModManager", "Dos2.ModManager\Dos2.ModManager.csproj", "{3AA7D3EE-915A-49A8-95A4-68B578E29C69}"
EndProject
Global
	GlobalSection(SolutionConfigurationPlatforms) = preSolution
		Debug|Any CPU = Debug|Any CPU
		Release|Any CPU = Release|Any CPU
	EndGlobalSection
	GlobalSection(ProjectConfigurationPlatforms) = postSolution
		{3AA7D3EE-915A-49A8-95A4-68B578E29C69}.Debug|Any CPU.ActiveCfg = Debug|Any CPU
		{3AA7D3EE-915A-49A8-95A4-68B578E29C69}.Debug|Any CPU.Build.0 = Debug|Any CPU
		{3AA7D3EE-915A-49A8-95A4-68B578E29C69}.Release|Any CPU.ActiveCfg = Release|Any CPU
		{3AA7D3EE-915A-49A8-95A4-68B578E29C69}.Release|Any CPU.Build.0 = Release|Any CPU
	EndGlobalSection
	GlobalSection(SolutionProperties) = preSolution
		HideSolutionNode = FALSE
	EndGlobalSection
	GlobalSection(ExtensibilityGlobals) = postSolution
		SolutionGuid = {0C9C7B13-D906-4834-A573-D5925449D392}
	EndGlobalSection
EndGlobal
